{
  "name": "coffee-shop-event",
  "version": "1.0.0",
  "lockfileVersion": 2,
  "requires": true,
  "packages": {
    "": {
      "name": "coffee-shop-event",
      "version": "1.0.0",
      "license": "ISC",
      "dependencies": {
        "aws-lambda-router": "^0.11.0"
      }
    },
    "node_modules/@types/aws-lambda": {
      "version": "8.10.66",
      "resolved": "https://registry.npmjs.org/@types/aws-lambda/-/aws-lambda-8.10.66.tgz",
      "integrity": "sha512-gwWIKwN3IVxRQTIZUNtjKo7w2LoB5RMzbP1PAFHsBq64dOKIhTv8y5RYRIjniLTewrBSBrV2EXxgQ1zZeGU4LA=="
    },
    "node_modules/aws-lambda-router": {
      "version": "0.11.0",
      "resolved": "https://registry.npmjs.org/aws-lambda-router/-/aws-lambda-router-0.11.0.tgz",
      "integrity": "sha512-kunZt7zVZb0v+Wfh2t/OlLpjo6WtfMZmOBf6LcLqeTBjULrgooi+oPJope81JTMfCIYnwPBJkQ+BqtJ3BIPIFQ==",
      "dependencies": {
        "@types/aws-lambda": "8.10.66"
      }
    }
  },
  "dependencies": {
    "@types/aws-lambda": {
      "version": "8.10.66",
      "resolved": "https://registry.npmjs.org/@types/aws-lambda/-/aws-lambda-8.10.66.tgz",
      "integrity": "sha512-gwWIKwN3IVxRQTIZUNtjKo7w2LoB5RMzbP1PAFHsBq64dOKIhTv8y5RYRIjniLTewrBSBrV2EXxgQ1zZeGU4LA=="
    },
    "aws-lambda-router": {
      "version": "0.11.0",
      "resolved": "https://registry.npmjs.org/aws-lambda-router/-/aws-lambda-router-0.11.0.tgz",
      "integrity": "sha512-kunZt7zVZb0v+Wfh2t/OlLpjo6WtfMZmOBf6LcLqeTBjULrgooi+oPJope81JTMfCIYnwPBJkQ+BqtJ3BIPIFQ==",
      "requires": {
        "@types/aws-lambda": "8.10.66"
      }
    }
  }
}
